
Microsoft Visual Studio Solution File, Format Version 12.00
# Visual Studio Version 17
VisualStudioVersion = 17.8.34525.116
MinimumVisualStudioVersion = 10.0.40219.1
Project("{FAE04EC0-301F-11D3-BF4B-00C04F79EFBC}") = "FoodSharingApp", "FoodSharingApp\FoodSharingApp.csproj", "{C0519B59-57D7-4BE6-9F24-A4E45A3D56F2}"
EndProject
Global
	GlobalSection(SolutionConfigurationPlatforms) = preSolution
		Debug|Any CPU = Debug|Any CPU
		Release|Any CPU = Release|Any CPU
	EndGlobalSection
	GlobalSection(ProjectConfigurationPlatforms) = postSolution
		{C0519B59-57D7-4BE6-9F24-A4E45A3D56F2}.Debug|Any CPU.ActiveCfg = Debug|Any CPU
		{C0519B59-57D7-4BE6-9F24-A4E45A3D56F2}.Debug|Any CPU.Build.0 = Debug|Any CPU
		{C0519B59-57D7-4BE6-9F24-A4E45A3D56F2}.Release|Any CPU.ActiveCfg = Release|Any CPU
		{C0519B59-57D7-4BE6-9F24-A4E45A3D56F2}.Release|Any CPU.Build.0 = Release|Any CPU
	EndGlobalSection
	GlobalSection(SolutionProperties) = preSolution
		HideSolutionNode = FALSE
	EndGlobalSection
	GlobalSection(ExtensibilityGlobals) = postSolution
		SolutionGuid = {B7904F7A-16F0-41DD-A688-932780C6C21F}
	EndGlobalSection
EndGlobal
